
Microsoft Visual Studio Solution File, Format Version 12.00
# Visual Studio Version 17
VisualStudioVersion = 17.13.35931.197
MinimumVisualStudioVersion = 10.0.40219.1
Project("{FAE04EC0-301F-11D3-BF4B-00C04F79EFBC}") = "BusinessObject", "BusinessObject\BusinessObject.csproj", "{DE60BFBF-53EC-30A6-4836-6905058A2E90}"
EndProject
Project("{FAE04EC0-301F-11D3-BF4B-00C04F79EFBC}") = "PRN232.Lab1.Repo", "PRN232.Lab1.Repo\PRN232.Lab1.Repo.csproj", "{A31A24B5-28FF-E3A5-8E60-D49B0CF04A26}"
EndProject
Project("{FAE04EC0-301F-11D3-BF4B-00C04F79EFBC}") = "PRN232.Lab1.Service", "PRN232.Lab1.Service\PRN232.Lab1.Service.csproj", "{FA46499D-0579-48FB-52E0-F33F6812DBDE}"
EndProject
Project("{FAE04EC0-301F-11D3-BF4B-00C04F79EFBC}") = "PRN232.Lab1.Api", "PRN232.Lab1.Api\PRN232.Lab1.Api.csproj", "{D07C3FD4-19A3-1EC4-9704-09633F7AB898}"
EndProject
Global
	GlobalSection(SolutionConfigurationPlatforms) = preSolution
		Debug|Any CPU = Debug|Any CPU
		Release|Any CPU = Release|Any CPU
	EndGlobalSection
	GlobalSection(ProjectConfigurationPlatforms) = postSolution
		{DE60BFBF-53EC-30A6-4836-6905058A2E90}.Debug|Any CPU.ActiveCfg = Debug|Any CPU
		{DE60BFBF-53EC-30A6-4836-6905058A2E90}.Debug|Any CPU.Build.0 = Debug|Any CPU
		{DE60BFBF-53EC-30A6-4836-6905058A2E90}.Release|Any CPU.ActiveCfg = Release|Any CPU
		{DE60BFBF-53EC-30A6-4836-6905058A2E90}.Release|Any CPU.Build.0 = Release|Any CPU
		{A31A24B5-28FF-E3A5-8E60-D49B0CF04A26}.Debug|Any CPU.ActiveCfg = Debug|Any CPU
		{A31A24B5-28FF-E3A5-8E60-D49B0CF04A26}.Debug|Any CPU.Build.0 = Debug|Any CPU
		{A31A24B5-28FF-E3A5-8E60-D49B0CF04A26}.Release|Any CPU.ActiveCfg = Release|Any CPU
		{A31A24B5-28FF-E3A5-8E60-D49B0CF04A26}.Release|Any CPU.Build.0 = Release|Any CPU
		{FA46499D-0579-48FB-52E0-F33F6812DBDE}.Debug|Any CPU.ActiveCfg = Debug|Any CPU
		{FA46499D-0579-48FB-52E0-F33F6812DBDE}.Debug|Any CPU.Build.0 = Debug|Any CPU
		{FA46499D-0579-48FB-52E0-F33F6812DBDE}.Release|Any CPU.ActiveCfg = Release|Any CPU
		{FA46499D-0579-48FB-52E0-F33F6812DBDE}.Release|Any CPU.Build.0 = Release|Any CPU
		{D07C3FD4-19A3-1EC4-9704-09633F7AB898}.Debug|Any CPU.ActiveCfg = Debug|Any CPU
		{D07C3FD4-19A3-1EC4-9704-09633F7AB898}.Debug|Any CPU.Build.0 = Debug|Any CPU
		{D07C3FD4-19A3-1EC4-9704-09633F7AB898}.Release|Any CPU.ActiveCfg = Release|Any CPU
		{D07C3FD4-19A3-1EC4-9704-09633F7AB898}.Release|Any CPU.Build.0 = Release|Any CPU
	EndGlobalSection
	GlobalSection(SolutionProperties) = preSolution
		HideSolutionNode = FALSE
	EndGlobalSection
	GlobalSection(ExtensibilityGlobals) = postSolution
		SolutionGuid = {D1A6A531-2BC8-4790-B0FE-3C365D0D3B81}
	EndGlobalSection
EndGlobal
